// !$*UTF8*$!
{
	archiveVersion = 1;
	classes = {
	};
	objectVersion = 50;
	objects = {

/* Begin PBXBuildFile section */
		55856433247C16940073553B /* AppDelegate.swift in Sources */ = {isa = PBXBuildFile; fileRef = 55856432247C16940073553B /* AppDelegate.swift */; };
		55856435247C16940073553B /* SceneDelegate.swift in Sources */ = {isa = PBXBuildFile; fileRef = 55856434247C16940073553B /* SceneDelegate.swift */; };
		55856437247C16940073553B /* ViewController.swift in Sources */ = {isa = PBXBuildFile; fileRef = 55856436247C16940073553B /* ViewController.swift */; };
		5585643A247C16940073553B /* Main.storyboard in Resources */ = {isa = PBXBuildFile; fileRef = 55856438247C16940073553B /* Main.storyboard */; };
		5585643C247C16950073553B /* Assets.xcassets in Resources */ = {isa = PBXBuildFile; fileRef = 5585643B247C16950073553B /* Assets.xcassets */; };
		5585643F247C16950073553B /* LaunchScreen.storyboard in Resources */ = {isa = PBXBuildFile; fileRef = 5585643D247C16950073553B /* LaunchScreen.storyboard */; };
		5585644B247C28410073553B /* MyHomeView.swift in Sources */ = {isa = PBXBuildFile; fileRef = 5585644A247C28410073553B /* MyHomeView.swift */; };
		5585644D247C285C0073553B /* MyHomeView.xib in Resources */ = {isa = PBXBuildFile; fileRef = 5585644C247C285C0073553B /* MyHomeView.xib */; };
		5585644F247C30220073553B /* MyExtension.swift in Sources */ = {isa = PBXBuildFile; fileRef = 5585644E247C30220073553B /* MyExtension.swift */; };
		55ECADC6247DF5FD00E8A270 /* CollectionViewCell.swift in Sources */ = {isa = PBXBuildFile; fileRef = 55ECADC5247DF5FD00E8A270 /* CollectionViewCell.swift */; };
		55ECADC8247E33AB00E8A270 /* PageViewController.swift in Sources */ = {isa = PBXBuildFile; fileRef = 55ECADC7247E33AB00E8A270 /* PageViewController.swift */; };
		55ECADCA247FFB0700E8A270 /* CollectionViewController.swift in Sources */ = {isa = PBXBuildFile; fileRef = 55ECADC9247FFB0700E8A270 /* CollectionViewController.swift */; };
		55ECADCE2480091100E8A270 /* CustomCell.xib in Resources */ = {isa = PBXBuildFile; fileRef = 55ECADCD2480091100E8A270 /* CustomCell.xib */; };
/* End PBXBuildFile section */

/* Begin PBXFileReference section */
		5585642F247C16940073553B /* iOSwithDesignSemina.app */ = {isa = PBXFileReference; explicitFileType = wrapper.application; includeInIndex = 0; path = iOSwithDesignSemina.app; sourceTree = BUILT_PRODUCTS_DIR; };
		55856432247C16940073553B /* AppDelegate.swift */ = {isa = PBXFileReference; lastKnownFileType = sourcecode.swift; path = AppDelegate.swift; sourceTree = "<group>"; };
		55856434247C16940073553B /* SceneDelegate.swift */ = {isa = PBXFileReference; lastKnownFileType = sourcecode.swift; path = SceneDelegate.swift; sourceTree = "<group>"; };
		55856436247C16940073553B /* ViewController.swift */ = {isa = PBXFileReference; lastKnownFileType = sourcecode.swift; path = ViewController.swift; sourceTree = "<group>"; };
		55856439247C16940073553B /* Base */ = {isa = PBXFileReference; lastKnownFileType = file.storyboard; name = Base; path = Base.lproj/Main.storyboard; sourceTree = "<group>"; };
		5585643B247C16950073553B /* Assets.xcassets */ = {isa = PBXFileReference; lastKnownFileType = folder.assetcatalog; path = Assets.xcassets; sourceTree = "<group>"; };
		5585643E247C16950073553B /* Base */ = {isa = PBXFileReference; lastKnownFileType = file.storyboard; name = Base; path = Base.lproj/LaunchScreen.storyboard; sourceTree = "<group>"; };
		55856440247C16950073553B /* Info.plist */ = {isa = PBXFileReference; lastKnownFileType = text.plist.xml; path = Info.plist; sourceTree = "<group>"; };
		5585644A247C28410073553B /* MyHomeView.swift */ = {isa = PBXFileReference; lastKnownFileType = sourcecode.swift; path = MyHomeView.swift; sourceTree = "<group>"; };
		5585644C247C285C0073553B /* MyHomeView.xib */ = {isa = PBXFileReference; lastKnownFileType = file.xib; path = MyHomeView.xib; sourceTree = "<group>"; };
		5585644E247C30220073553B /* MyExtension.swift */ = {isa = PBXFileReference; lastKnownFileType = sourcecode.swift; path = MyExtension.swift; sourceTree = "<group>"; };
		55ECADC5247DF5FD00E8A270 /* CollectionViewCell.swift */ = {isa = PBXFileReference; lastKnownFileType = sourcecode.swift; path = CollectionViewCell.swift; sourceTree = "<group>"; };
		55ECADC7247E33AB00E8A270 /* PageViewController.swift */ = {isa = PBXFileReference; lastKnownFileType = sourcecode.swift; path = PageViewController.swift; sourceTree = "<group>"; };
		55ECADC9247FFB0700E8A270 /* CollectionViewController.swift */ = {isa = PBXFileReference; lastKnownFileType = sourcecode.swift; path = CollectionViewController.swift; sourceTree = "<group>"; };
		55ECADCD2480091100E8A270 /* CustomCell.xib */ = {isa = PBXFileReference; lastKnownFileType = file.xib; path = CustomCell.xib; sourceTree = "<group>"; };
/* End PBXFileReference section */

/* Begin PBXFrameworksBuildPhase section */
		5585642C247C16940073553B /* Frameworks */ = {
			isa = PBXFrameworksBuildPhase;
			buildActionMask = 2147483647;
			files = (
			);
			runOnlyForDeploymentPostprocessing = 0;
		};
/* End PBXFrameworksBuildPhase section */

/* Begin PBXGroup section */
		55856426247C16940073553B = {
			isa = PBXGroup;
			children = (
				55856431247C16940073553B /* iOSwithDesignSemina */,
				55856430247C16940073553B /* Products */,
			);
			sourceTree = "<group>";
		};
		55856430247C16940073553B /* Products */ = {
			isa = PBXGroup;
			children = (
				5585642F247C16940073553B /* iOSwithDesignSemina.app */,
			);
			name = Products;
			sourceTree = "<group>";
		};
		55856431247C16940073553B /* iOSwithDesignSemina */ = {
			isa = PBXGroup;
			children = (
				55856448247C28180073553B /* Sources */,
				55856446247C27FE0073553B /* Resources */,
				55856432247C16940073553B /* AppDelegate.swift */,
				55856434247C16940073553B /* SceneDelegate.swift */,
				55856436247C16940073553B /* ViewController.swift */,
				55856438247C16940073553B /* Main.storyboard */,
				5585643B247C16950073553B /* Assets.xcassets */,
				5585643D247C16950073553B /* LaunchScreen.storyboard */,
				55856440247C16950073553B /* Info.plist */,
			);
			path = iOSwithDesignSemina;
			sourceTree = "<group>";
		};
		55856446247C27FE0073553B /* Resources */ = {
			isa = PBXGroup;
			children = (
			);
			path = Resources;
			sourceTree = "<group>";
		};
		55856448247C28180073553B /* Sources */ = {
			isa = PBXGroup;
			children = (
				55856449247C281C0073553B /* View */,
				5585644E247C30220073553B /* MyExtension.swift */,
				55ECADC5247DF5FD00E8A270 /* CollectionViewCell.swift */,
				55ECADC7247E33AB00E8A270 /* PageViewController.swift */,
				55ECADC9247FFB0700E8A270 /* CollectionViewController.swift */,
				55ECADCD2480091100E8A270 /* CustomCell.xib */,
			);
			path = Sources;
			sourceTree = "<group>";
		};
		55856449247C281C0073553B /* View */ = {
			isa = PBXGroup;
			children = (
				5585644A247C28410073553B /* MyHomeView.swift */,
				5585644C247C285C0073553B /* MyHomeView.xib */,
			);
			path = View;
			sourceTree = "<group>";
		};
/* End PBXGroup section */

/* Begin PBXNativeTarget section */
		5585642E247C16940073553B /* iOSwithDesignSemina */ = {
			isa = PBXNativeTarget;
			buildConfigurationList = 55856443247C16950073553B /* Build configuration list for PBXNativeTarget "iOSwithDesignSemina" */;
			buildPhases = (
				5585642B247C16940073553B /* Sources */,
				5585642C247C16940073553B /* Frameworks */,
				5585642D247C16940073553B /* Resources */,
			);
			buildRules = (
			);
			dependencies = (
			);
			name = iOSwithDesignSemina;
			productName = iOSwithDesignSemina;
			productReference = 5585642F247C16940073553B /* iOSwithDesignSemina.app */;
			productType = "com.apple.product-type.application";
		};
/* End PBXNativeTarget section */

/* Begin PBXProject section */
		55856427247C16940073553B /* Project object */ = {
			isa = PBXProject;
			attributes = {
				LastSwiftUpdateCheck = 1150;
				LastUpgradeCheck = 1150;
				ORGANIZATIONNAME = jun;
				TargetAttributes = {
					5585642E247C16940073553B = {
						CreatedOnToolsVersion = 11.5;
					};
				};
			};
			buildConfigurationList = 5585642A247C16940073553B /* Build configuration list for PBXProject "iOSwithDesignSemina" */;
			compatibilityVersion = "Xcode 9.3";
			developmentRegion = en;
			hasScannedForEncodings = 0;
			knownRegions = (
				en,
				Base,
			);
			mainGroup = 55856426247C16940073553B;
			productRefGroup = 55856430247C16940073553B /* Products */;
			projectDirPath = "";
			projectRoot = "";
			targets = (
				5585642E247C16940073553B /* iOSwithDesignSemina */,
			);
		};
/* End PBXProject section */

/* Begin PBXResourcesBuildPhase section */
		5585642D247C16940073553B /* Resources */ = {
			isa = PBXResourcesBuildPhase;
			buildActionMask = 2147483647;
			files = (
				55ECADCE2480091100E8A270 /* CustomCell.xib in Resources */,
				5585643F247C16950073553B /* LaunchScreen.storyboard in Resources */,
				5585644D247C285C0073553B /* MyHomeView.xib in Resources */,
				5585643C247C16950073553B /* Assets.xcassets in Resources */,
				5585643A247C16940073553B /* Main.storyboard in Resources */,
			);
			runOnlyForDeploymentPostprocessing = 0;
		};
/* End PBXResourcesBuildPhase section */

/* Begin PBXSourcesBuildPhase section */
		5585642B247C16940073553B /* Sources */ = {
			isa = PBXSourcesBuildPhase;
			buildActionMask = 2147483647;
			files = (
				55856437247C16940073553B /* ViewController.swift in Sources */,
				55ECADC8247E33AB00E8A270 /* PageViewController.swift in Sources */,
				5585644B247C28410073553B /* MyHomeView.swift in Sources */,
				55ECADC6247DF5FD00E8A270 /* CollectionViewCell.swift in Sources */,
				55ECADCA247FFB0700E8A270 /* CollectionViewController.swift in Sources */,
				5585644F247C30220073553B /* MyExtension.swift in Sources */,
				55856433247C16940073553B /* AppDelegate.swift in Sources */,
				55856435247C16940073553B /* SceneDelegate.swift in Sources */,
			);
			runOnlyForDeploymentPostprocessing = 0;
		};
/* End PBXSourcesBuildPhase section */

/* Begin PBXVariantGroup section */
		55856438247C16940073553B /* Main.storyboard */ = {
			isa = PBXVariantGroup;
			children = (
				55856439247C16940073553B /* Base */,
			);
			name = Main.storyboard;
			sourceTree = "<group>";
		};
		5585643D247C16950073553B /* LaunchScreen.storyboard */ = {
			isa = PBXVariantGroup;
			children = (
				5585643E247C16950073553B /* Base */,
			);
			name = LaunchScreen.storyboard;
			sourceTree = "<group>";
		};
/* End PBXVariantGroup section */

/* Begin XCBuildConfiguration section */
		55856441247C16950073553B /* Debug */ = {
			isa = XCBuildConfiguration;
			buildSettings = {
				ALWAYS_SEARCH_USER_PATHS = NO;
				CLANG_ANALYZER_NONNULL = YES;
				CLANG_ANALYZER_NUMBER_OBJECT_CONVERSION = YES_AGGRESSIVE;
				CLANG_CXX_LANGUAGE_STANDARD = "gnu++14";
				CLANG_CXX_LIBRARY = "libc++";
				CLANG_ENABLE_MODULES = YES;
				CLANG_ENABLE_OBJC_ARC = YES;
				CLANG_ENABLE_OBJC_WEAK = YES;
				CLANG_WARN_BLOCK_CAPTURE_AUTORELEASING = YES;
				CLANG_WARN_BOOL_CONVERSION = YES;
				CLANG_WARN_COMMA = YES;
				CLANG_WARN_CONSTANT_CONVERSION = YES;
				CLANG_WARN_DEPRECATED_OBJC_IMPLEMENTATIONS = YES;
				CLANG_WARN_DIRECT_OBJC_ISA_USAGE = YES_ERROR;
				CLANG_WARN_DOCUMENTATION_COMMENTS = YES;
				CLANG_WARN_EMPTY_BODY = YES;
				CLANG_WARN_ENUM_CONVERSION = YES;
				CLANG_WARN_INFINITE_RECURSION = YES;
				CLANG_WARN_INT_CONVERSION = YES;
				CLANG_WARN_NON_LITERAL_NULL_CONVERSION = YES;
				CLANG_WARN_OBJC_IMPLICIT_RETAIN_SELF = YES;
				CLANG_WARN_OBJC_LITERAL_CONVERSION = YES;
				CLANG_WARN_OBJC_ROOT_CLASS = YES_ERROR;
				CLANG_WARN_RANGE_LOOP_ANALYSIS = YES;
				CLANG_WARN_STRICT_PROTOTYPES = YES;
				CLANG_WARN_SUSPICIOUS_MOVE = YES;
				CLANG_WARN_UNGUARDED_AVAILABILITY = YES_AGGRESSIVE;
				CLANG_WARN_UNREACHABLE_CODE = YES;
				CLANG_WARN__DUPLICATE_METHOD_MATCH = YES;
				COPY_PHASE_STRIP = NO;
				DEBUG_INFORMATION_FORMAT = dwarf;
				ENABLE_STRICT_OBJC_MSGSEND = YES;
				ENABLE_TESTABILITY = YES;
				GCC_C_LANGUAGE_STANDARD = gnu11;
				GCC_DYNAMIC_NO_PIC = NO;
				GCC_NO_COMMON_BLOCKS = YES;
				GCC_OPTIMIZATION_LEVEL = 0;
				GCC_PREPROCESSOR_DEFINITIONS = (
					"DEBUG=1",
					"$(inherited)",
				);
				GCC_WARN_64_TO_32_BIT_CONVERSION = YES;
				GCC_WARN_ABOUT_RETURN_TYPE = YES_ERROR;
				GCC_WARN_UNDECLARED_SELECTOR = YES;
				GCC_WARN_UNINITIALIZED_AUTOS = YES_AGGRESSIVE;
				GCC_WARN_UNUSED_FUNCTION = YES;
				GCC_WARN_UNUSED_VARIABLE = YES;
				IPHONEOS_DEPLOYMENT_TARGET = 13.5;
				MTL_ENABLE_DEBUG_INFO = INCLUDE_SOURCE;
				MTL_FAST_MATH = YES;
				ONLY_ACTIVE_ARCH = YES;
				SDKROOT = iphoneos;
				SWIFT_ACTIVE_COMPILATION_CONDITIONS = DEBUG;
				SWIFT_OPTIMIZATION_LEVEL = "-Onone";
			};
			name = Debug;
		};
		55856442247C16950073553B /* Release */ = {
			isa = XCBuildConfiguration;
			buildSettings = {
				ALWAYS_SEARCH_USER_PATHS = NO;
				CLANG_ANALYZER_NONNULL = YES;
				CLANG_ANALYZER_NUMBER_OBJECT_CONVERSION = YES_AGGRESSIVE;
				CLANG_CXX_LANGUAGE_STANDARD = "gnu++14";
				CLANG_CXX_LIBRARY = "libc++";
				CLANG_ENABLE_MODULES = YES;
				CLANG_ENABLE_OBJC_ARC = YES;
				CLANG_ENABLE_OBJC_WEAK = YES;
				CLANG_WARN_BLOCK_CAPTURE_AUTORELEASING = YES;
				CLANG_WARN_BOOL_CONVERSION = YES;
				CLANG_WARN_COMMA = YES;
				CLANG_WARN_CONSTANT_CONVERSION = YES;
				CLANG_WARN_DEPRECATED_OBJC_IMPLEMENTATIONS = YES;
				CLANG_WARN_DIRECT_OBJC_ISA_USAGE = YES_ERROR;
				CLANG_WARN_DOCUMENTATION_COMMENTS = YES;
				CLANG_WARN_EMPTY_BODY = YES;
				CLANG_WARN_ENUM_CONVERSION = YES;
				CLANG_WARN_INFINITE_RECURSION = YES;
				CLANG_WARN_INT_CONVERSION = YES;
				CLANG_WARN_NON_LITERAL_NULL_CONVERSION = YES;
				CLANG_WARN_OBJC_IMPLICIT_RETAIN_SELF = YES;
				CLANG_WARN_OBJC_LITERAL_CONVERSION = YES;
				CLANG_WARN_OBJC_ROOT_CLASS = YES_ERROR;
				CLANG_WARN_RANGE_LOOP_ANALYSIS = YES;
				CLANG_WARN_STRICT_PROTOTYPES = YES;
				CLANG_WARN_SUSPICIOUS_MOVE = YES;
				CLANG_WARN_UNGUARDED_AVAILABILITY = YES_AGGRESSIVE;
				CLANG_WARN_UNREACHABLE_CODE = YES;
				CLANG_WARN__DUPLICATE_METHOD_MATCH = YES;
				COPY_PHASE_STRIP = NO;
				DEBUG_INFORMATION_FORMAT = "dwarf-with-dsym";
				ENABLE_NS_ASSERTIONS = NO;
				ENABLE_STRICT_OBJC_MSGSEND = YES;
				GCC_C_LANGUAGE_STANDARD = gnu11;
				GCC_NO_COMMON_BLOCKS = YES;
				GCC_WARN_64_TO_32_BIT_CONVERSION = YES;
				GCC_WARN_ABOUT_RETURN_TYPE = YES_ERROR;
				GCC_WARN_UNDECLARED_SELECTOR = YES;
				GCC_WARN_UNINITIALIZED_AUTOS = YES_AGGRESSIVE;
				GCC_WARN_UNUSED_FUNCTION = YES;
				GCC_WARN_UNUSED_VARIABLE = YES;
				IPHONEOS_DEPLOYMENT_TARGET = 13.5;
				MTL_ENABLE_DEBUG_INFO = NO;
				MTL_FAST_MATH = YES;
				SDKROOT = iphoneos;
				SWIFT_COMPILATION_MODE = wholemodule;
				SWIFT_OPTIMIZATION_LEVEL = "-O";
				VALIDATE_PRODUCT = YES;
			};
			name = Release;
		};
		55856444247C16950073553B /* Debug */ = {
			isa = XCBuildConfiguration;
			buildSettings = {
				ASSETCATALOG_COMPILER_APPICON_NAME = AppIcon;
				CODE_SIGN_STYLE = Automatic;
				DEVELOPMENT_TEAM = PMD54H53GA;
				INFOPLIST_FILE = iOSwithDesignSemina/Info.plist;
				LD_RUNPATH_SEARCH_PATHS = (
					"$(inherited)",
					"@executable_path/Frameworks",
				);
				PRODUCT_BUNDLE_IDENTIFIER = gamsung.iOSwithDesignSemina;
				PRODUCT_NAME = "$(TARGET_NAME)";
				SWIFT_VERSION = 5.0;
				TARGETED_DEVICE_FAMILY = "1,2";
			};
			name = Debug;
		};
		55856445247C16950073553B /* Release */ = {
			isa = XCBuildConfiguration;
			buildSettings = {
				ASSETCATALOG_COMPILER_APPICON_NAME = AppIcon;
				CODE_SIGN_STYLE = Automatic;
				DEVELOPMENT_TEAM = PMD54H53GA;
				INFOPLIST_FILE = iOSwithDesignSemina/Info.plist;
				LD_RUNPATH_SEARCH_PATHS = (
					"$(inherited)",
					"@executable_path/Frameworks",
				);
				PRODUCT_BUNDLE_IDENTIFIER = gamsung.iOSwithDesignSemina;
				PRODUCT_NAME = "$(TARGET_NAME)";
				SWIFT_VERSION = 5.0;
				TARGETED_DEVICE_FAMILY = "1,2";
			};
			name = Release;
		};
/* End XCBuildConfiguration section */

/* Begin XCConfigurationList section */
		5585642A247C16940073553B /* Build configuration list for PBXProject "iOSwithDesignSemina" */ = {
			isa = XCConfigurationList;
			buildConfigurations = (
				55856441247C16950073553B /* Debug */,
				55856442247C16950073553B /* Release */,
			);
			defaultConfigurationIsVisible = 0;
			defaultConfigurationName = Release;
		};
		55856443247C16950073553B /* Build configuration list for PBXNativeTarget "iOSwithDesignSemina" */ = {
			isa = XCConfigurationList;
			buildConfigurations = (
				55856444247C16950073553B /* Debug */,
				55856445247C16950073553B /* Release */,
			);
			defaultConfigurationIsVisible = 0;
			defaultConfigurationName = Release;
		};
/* End XCConfigurationList section */
	};
	rootObject = 55856427247C16940073553B /* Project object */;
}
